
Microsoft Visual Studio Solution File, Format Version 12.00
# Visual Studio Version 17
VisualStudioVersion = 17.8.34322.80
MinimumVisualStudioVersion = 10.0.40219.1
Project("{FAE04EC0-301F-11D3-BF4B-00C04F79EFBC}") = "mod5", "mod5.csproj", "{01929EC7-1FC4-4F5D-8E7B-8A66BF3FF1E2}"
EndProject
Global
	GlobalSection(SolutionConfigurationPlatforms) = preSolution
		Debug|Any CPU = Debug|Any CPU
		Release|Any CPU = Release|Any CPU
	EndGlobalSection
	GlobalSection(ProjectConfigurationPlatforms) = postSolution
		{01929EC7-1FC4-4F5D-8E7B-8A66BF3FF1E2}.Debug|Any CPU.ActiveCfg = Debug|Any CPU
		{01929EC7-1FC4-4F5D-8E7B-8A66BF3FF1E2}.Debug|Any CPU.Build.0 = Debug|Any CPU
		{01929EC7-1FC4-4F5D-8E7B-8A66BF3FF1E2}.Release|Any CPU.ActiveCfg = Release|Any CPU
		{01929EC7-1FC4-4F5D-8E7B-8A66BF3FF1E2}.Release|Any CPU.Build.0 = Release|Any CPU
	EndGlobalSection
	GlobalSection(SolutionProperties) = preSolution
		HideSolutionNode = FALSE
	EndGlobalSection
	GlobalSection(ExtensibilityGlobals) = postSolution
		SolutionGuid = {7AC2C492-1B0F-4E0C-95B4-5B095E598306}
	EndGlobalSection
EndGlobal
